
Microsoft Visual Studio Solution File, Format Version 12.00
# Visual Studio Version 16
VisualStudioVersion = 16.0.32126.315
MinimumVisualStudioVersion = 10.0.40219.1
Project("{FAE04EC0-301F-11D3-BF4B-00C04F79EFBC}") = "LTHDT", "LTHDT.csproj", "{F729E92D-4104-480F-8370-51F64A8B3D4C}"
EndProject
Global
	GlobalSection(SolutionConfigurationPlatforms) = preSolution
		Debug|Any CPU = Debug|Any CPU
		Release|Any CPU = Release|Any CPU
	EndGlobalSection
	GlobalSection(ProjectConfigurationPlatforms) = postSolution
		{F729E92D-4104-480F-8370-51F64A8B3D4C}.Debug|Any CPU.ActiveCfg = Debug|Any CPU
		{F729E92D-4104-480F-8370-51F64A8B3D4C}.Debug|Any CPU.Build.0 = Debug|Any CPU
		{F729E92D-4104-480F-8370-51F64A8B3D4C}.Release|Any CPU.ActiveCfg = Release|Any CPU
		{F729E92D-4104-480F-8370-51F64A8B3D4C}.Release|Any CPU.Build.0 = Release|Any CPU
	EndGlobalSection
	GlobalSection(SolutionProperties) = preSolution
		HideSolutionNode = FALSE
	EndGlobalSection
	GlobalSection(ExtensibilityGlobals) = postSolution
		SolutionGuid = {60B13327-4229-4001-A996-4A24321E11F8}
	EndGlobalSection
EndGlobal
