
Microsoft Visual Studio Solution File, Format Version 12.00
# Visual Studio Version 16
VisualStudioVersion = 16.0.32126.315
MinimumVisualStudioVersion = 10.0.40219.1
Project("{9A19103F-16F7-4668-BE54-9A1E7A4F7556}") = "LTHDT", "LTHDT.csproj", "{F729E92D-4104-480F-8370-51F64A8B3D4C}"
EndProject
Project("{FAE04EC0-301F-11D3-BF4B-00C04F79EFBC}") = "WebApplication1", "WebApplication1\WebApplication1.csproj", "{9A4DA44E-0CFF-4988-A663-DA59C9B2586E}"
EndProject
Project("{FAE04EC0-301F-11D3-BF4B-00C04F79EFBC}") = "DAL", "DAL\DAL.csproj", "{6FA1E0C8-8061-419D-B050-140EA05F30FB}"
EndProject
Project("{FAE04EC0-301F-11D3-BF4B-00C04F79EFBC}") = "SERVICES", "SERVICES\SERVICES.csproj", "{C85A23F3-2E41-44D6-A429-DE22B3CF6FE7}"
EndProject
Project("{FAE04EC0-301F-11D3-BF4B-00C04F79EFBC}") = "ENTITIES", "ENTITIES\ENTITIES.csproj", "{34EE6D7F-AD56-4076-A4E0-C6413844DE5E}"
EndProject
Global
	GlobalSection(SolutionConfigurationPlatforms) = preSolution
		Debug|Any CPU = Debug|Any CPU
		Release|Any CPU = Release|Any CPU
	EndGlobalSection
	GlobalSection(ProjectConfigurationPlatforms) = postSolution
		{F729E92D-4104-480F-8370-51F64A8B3D4C}.Debug|Any CPU.ActiveCfg = Debug|Any CPU
		{F729E92D-4104-480F-8370-51F64A8B3D4C}.Debug|Any CPU.Build.0 = Debug|Any CPU
		{F729E92D-4104-480F-8370-51F64A8B3D4C}.Release|Any CPU.ActiveCfg = Release|Any CPU
		{F729E92D-4104-480F-8370-51F64A8B3D4C}.Release|Any CPU.Build.0 = Release|Any CPU
		{9A4DA44E-0CFF-4988-A663-DA59C9B2586E}.Debug|Any CPU.ActiveCfg = Debug|Any CPU
		{9A4DA44E-0CFF-4988-A663-DA59C9B2586E}.Debug|Any CPU.Build.0 = Debug|Any CPU
		{9A4DA44E-0CFF-4988-A663-DA59C9B2586E}.Release|Any CPU.ActiveCfg = Release|Any CPU
		{9A4DA44E-0CFF-4988-A663-DA59C9B2586E}.Release|Any CPU.Build.0 = Release|Any CPU
		{6FA1E0C8-8061-419D-B050-140EA05F30FB}.Debug|Any CPU.ActiveCfg = Debug|Any CPU
		{6FA1E0C8-8061-419D-B050-140EA05F30FB}.Debug|Any CPU.Build.0 = Debug|Any CPU
		{6FA1E0C8-8061-419D-B050-140EA05F30FB}.Release|Any CPU.ActiveCfg = Release|Any CPU
		{6FA1E0C8-8061-419D-B050-140EA05F30FB}.Release|Any CPU.Build.0 = Release|Any CPU
		{C85A23F3-2E41-44D6-A429-DE22B3CF6FE7}.Debug|Any CPU.ActiveCfg = Debug|Any CPU
		{C85A23F3-2E41-44D6-A429-DE22B3CF6FE7}.Debug|Any CPU.Build.0 = Debug|Any CPU
		{C85A23F3-2E41-44D6-A429-DE22B3CF6FE7}.Release|Any CPU.ActiveCfg = Release|Any CPU
		{C85A23F3-2E41-44D6-A429-DE22B3CF6FE7}.Release|Any CPU.Build.0 = Release|Any CPU
		{34EE6D7F-AD56-4076-A4E0-C6413844DE5E}.Debug|Any CPU.ActiveCfg = Debug|Any CPU
		{34EE6D7F-AD56-4076-A4E0-C6413844DE5E}.Debug|Any CPU.Build.0 = Debug|Any CPU
		{34EE6D7F-AD56-4076-A4E0-C6413844DE5E}.Release|Any CPU.ActiveCfg = Release|Any CPU
		{34EE6D7F-AD56-4076-A4E0-C6413844DE5E}.Release|Any CPU.Build.0 = Release|Any CPU
	EndGlobalSection
	GlobalSection(SolutionProperties) = preSolution
		HideSolutionNode = FALSE
	EndGlobalSection
	GlobalSection(ExtensibilityGlobals) = postSolution
		SolutionGuid = {60B13327-4229-4001-A996-4A24321E11F8}
	EndGlobalSection
EndGlobal
